github.com/rdrseraphim/srplife_theme/v3 v3.0.1 h1:2CpCnxVZ/m7yrJQlpS1xtxuDxh7zr1I3sYmql0mnams=
github.com/rdrseraphim/srplife_theme/v3 v3.0.1/go.mod h1:LdgkTxaRcjilAliBqrdhm0EFrLyj5iSIzVPhPldz/K4=
github.com/rdrseraphim/srplife_theme/v3 v3.0.2 h1:KWclzKb9cFqkwLocNmrjcfcfCJthmMuNoVzSex242Gs=
github.com/rdrseraphim/srplife_theme/v3 v3.0.2/go.mod h1:LdgkTxaRcjilAliBqrdhm0EFrLyj5iSIzVPhPldz/K4=
github.com/rdrseraphim/srplife_theme/v3 v3.0.3 h1:RhkWK1shPsGEaA0Qc8ccYhCFzTI/Gifo+eAw6oKbNaU=
github.com/rdrseraphim/srplife_theme/v3 v3.0.3/go.mod h1:LdgkTxaRcjilAliBqrdhm0EFrLyj5iSIzVPhPldz/K4=
github.com/rdrseraphim/srplife_theme/v3 v3.0.4 h1:KWX30UcJay/0YkHlXVi2JSgNYw+gP9bE2bUChe+B3Ww=
github.com/rdrseraphim/srplife_theme/v3 v3.0.4/go.mod h1:LdgkTxaRcjilAliBqrdhm0EFrLyj5iSIzVPhPldz/K4=
github.com/rdrseraphim/srplife_theme/v3 v3.0.5 h1:alpxQV1UEquVLt0kPyS5ZgRN3Sm3qNV33RHGYFSJ1Wk=
github.com/rdrseraphim/srplife_theme/v3 v3.0.5/go.mod h1:LdgkTxaRcjilAliBqrdhm0EFrLyj5iSIzVPhPldz/K4=
github.com/rdrseraphim/srplife_theme/v3 v3.0.6 h1:lAFtIk2o4xZHzO0NOqZvPC6OgAPyN1zUkeETSbFKg08=
github.com/rdrseraphim/srplife_theme/v3 v3.0.6/go.mod h1:LdgkTxaRcjilAliBqrdhm0EFrLyj5iSIzVPhPldz/K4=
github.com/rdrseraphim/srplife_theme/v3 v3.0.7 h1:uFh0l9YEk3nOjoTJfUEJQoheV+aAVIZt7MpJ3SXadFk=
github.com/rdrseraphim/srplife_theme/v3 v3.0.7/go.mod h1:LdgkTxaRcjilAliBqrdhm0EFrLyj5iSIzVPhPldz/K4=
github.com/rdrseraphim/srplife_theme/v3 v3.0.8 h1:R/gmCxE8aafRmmk4d+xa95HMA5J+Te0wZPwsIZmiuaQ=
github.com/rdrseraphim/srplife_theme/v3 v3.0.8/go.mod h1:LdgkTxaRcjilAliBqrdhm0EFrLyj5iSIzVPhPldz/K4=
github.com/rdrseraphim/srplife_theme/v3 v3.0.9 h1:Y7OXDIoqVGo4DORkB/4AH/MJl3hrmKtpCgVTQkB35UY=
github.com/rdrseraphim/srplife_theme/v3 v3.0.9/go.mod h1:LdgkTxaRcjilAliBqrdhm0EFrLyj5iSIzVPhPldz/K4=
github.com/rdrseraphim/srplife_theme/v3 v3.0.10 h1:wKih29+iSufs39QI26IU3MNRMsc8BEoAmjpJ5jf6Pvk=
github.com/rdrseraphim/srplife_theme/v3 v3.0.10/go.mod h1:LdgkTxaRcjilAliBqrdhm0EFrLyj5iSIzVPhPldz/K4=
github.com/rdrseraphim/srplife_theme/v3 v3.0.11 h1:gHRta0Wt/TEwnCNGIW8HFHZL9eFW5ws87OMPtmvYupU=
github.com/rdrseraphim/srplife_theme/v3 v3.0.11/go.mod h1:LdgkTxaRcjilAliBqrdhm0EFrLyj5iSIzVPhPldz/K4=
github.com/rdrseraphim/srplife_theme/v3 v3.0.12 h1:r1nlC7A1H8+3Wjyvi1BJc7EgeR341fAYlHPcRm3mvz4=
github.com/rdrseraphim/srplife_theme/v3 v3.0.12/go.mod h1:LdgkTxaRcjilAliBqrdhm0EFrLyj5iSIzVPhPldz/K4=
github.com/rdrseraphim/srplife_theme/v3 v3.0.13 h1:o6PNyvy4JvDSC1cibxrMA+eXz6V0Zj/hh5v1uG1mrTM=
github.com/rdrseraphim/srplife_theme/v3 v3.0.13/go.mod h1:LdgkTxaRcjilAliBqrdhm0EFrLyj5iSIzVPhPldz/K4=
github.com/rdrseraphim/srplife_theme/v3 v3.0.14 h1:hhkba5iBco/XglULgn0z98UI2topMTgwGPf5B7VM2RU=
github.com/rdrseraphim/srplife_theme/v3 v3.0.14/go.mod h1:LdgkTxaRcjilAliBqrdhm0EFrLyj5iSIzVPhPldz/K4=
github.com/rdrseraphim/srplife_theme/v3 v3.0.15 h1:1ZEqRPB1uo92HoVWZxUlOqj9BV/21CsKR5qrgifSvt8=
github.com/rdrseraphim/srplife_theme/v3 v3.0.15/go.mod h1:LdgkTxaRcjilAliBqrdhm0EFrLyj5iSIzVPhPldz/K4=
github.com/rdrseraphim/srplife_theme/v3 v3.0.16 h1:aIhI5prb0X241XfSP+7zxW9Aeb9J5pXsejbi8b03P4k=
github.com/rdrseraphim/srplife_theme/v3 v3.0.16/go.mod h1:LdgkTxaRcjilAliBqrdhm0EFrLyj5iSIzVPhPldz/K4=
github.com/rdrseraphim/srplife_theme/v4 v4.0.0 h1:+rIejdOZtsxyG3hY2hrYLZU3VRgkZHvOa3imE8SMq3w=
github.com/rdrseraphim/srplife_theme/v4 v4.0.0/go.mod h1:V4KyZU94DNUjThXaLLixoKqXI4CMpbmpKraZjvcSCd0=
