github.com/rdrseraphim/srplife_theme/v3 v3.0.1 h1:2CpCnxVZ/m7yrJQlpS1xtxuDxh7zr1I3sYmql0mnams=
github.com/rdrseraphim/srplife_theme/v3 v3.0.1/go.mod h1:LdgkTxaRcjilAliBqrdhm0EFrLyj5iSIzVPhPldz/K4=
github.com/rdrseraphim/srplife_theme/v3 v3.0.2 h1:KWclzKb9cFqkwLocNmrjcfcfCJthmMuNoVzSex242Gs=
github.com/rdrseraphim/srplife_theme/v3 v3.0.2/go.mod h1:LdgkTxaRcjilAliBqrdhm0EFrLyj5iSIzVPhPldz/K4=
github.com/rdrseraphim/srplife_theme/v3 v3.0.3 h1:RhkWK1shPsGEaA0Qc8ccYhCFzTI/Gifo+eAw6oKbNaU=
github.com/rdrseraphim/srplife_theme/v3 v3.0.3/go.mod h1:LdgkTxaRcjilAliBqrdhm0EFrLyj5iSIzVPhPldz/K4=
github.com/rdrseraphim/srplife_theme/v3 v3.0.4 h1:KWX30UcJay/0YkHlXVi2JSgNYw+gP9bE2bUChe+B3Ww=
github.com/rdrseraphim/srplife_theme/v3 v3.0.4/go.mod h1:LdgkTxaRcjilAliBqrdhm0EFrLyj5iSIzVPhPldz/K4=
github.com/rdrseraphim/srplife_theme/v3 v3.0.5 h1:alpxQV1UEquVLt0kPyS5ZgRN3Sm3qNV33RHGYFSJ1Wk=
github.com/rdrseraphim/srplife_theme/v3 v3.0.5/go.mod h1:LdgkTxaRcjilAliBqrdhm0EFrLyj5iSIzVPhPldz/K4=
github.com/rdrseraphim/srplife_theme/v3 v3.0.6 h1:lAFtIk2o4xZHzO0NOqZvPC6OgAPyN1zUkeETSbFKg08=
github.com/rdrseraphim/srplife_theme/v3 v3.0.6/go.mod h1:LdgkTxaRcjilAliBqrdhm0EFrLyj5iSIzVPhPldz/K4=
github.com/rdrseraphim/srplife_theme/v3 v3.0.7 h1:uFh0l9YEk3nOjoTJfUEJQoheV+aAVIZt7MpJ3SXadFk=
github.com/rdrseraphim/srplife_theme/v3 v3.0.7/go.mod h1:LdgkTxaRcjilAliBqrdhm0EFrLyj5iSIzVPhPldz/K4=
github.com/rdrseraphim/srplife_theme/v3 v3.0.8 h1:R/gmCxE8aafRmmk4d+xa95HMA5J+Te0wZPwsIZmiuaQ=
github.com/rdrseraphim/srplife_theme/v3 v3.0.8/go.mod h1:LdgkTxaRcjilAliBqrdhm0EFrLyj5iSIzVPhPldz/K4=
github.com/rdrseraphim/srplife_theme/v3 v3.0.9 h1:Y7OXDIoqVGo4DORkB/4AH/MJl3hrmKtpCgVTQkB35UY=
github.com/rdrseraphim/srplife_theme/v3 v3.0.9/go.mod h1:LdgkTxaRcjilAliBqrdhm0EFrLyj5iSIzVPhPldz/K4=
