github.com/rdrseraphim/srplife_theme/v4 v4.0.4 h1:GAOs4JPK2C+ZX5fClIH2mQFiueqi0gur1gYIEL9GyTY=
github.com/rdrseraphim/srplife_theme/v4 v4.0.4/go.mod h1:V4KyZU94DNUjThXaLLixoKqXI4CMpbmpKraZjvcSCd0=
github.com/rdrseraphim/srplife_theme/v4 v4.0.5 h1:2bR0hmN0s2+lxxpU9eLMt4w4PI4MfaBJ1+JjRG2bc1k=
github.com/rdrseraphim/srplife_theme/v4 v4.0.5/go.mod h1:V4KyZU94DNUjThXaLLixoKqXI4CMpbmpKraZjvcSCd0=
github.com/rdrseraphim/srplife_theme/v4 v4.0.6 h1:tUGsbjkY59Xcn/6OsOUci8UqpuvaQoe1IalK83JG6QU=
github.com/rdrseraphim/srplife_theme/v4 v4.0.6/go.mod h1:V4KyZU94DNUjThXaLLixoKqXI4CMpbmpKraZjvcSCd0=
